{
    "_meta": {
        "hash": {
            "sha256": "a0a9cadea10bc910edef82bb3ef2920954967595fa7b1d2bded8f5ec7ea6ca30"
        },
        "pipfile-spec": 6,
        "requires": {},
        "sources": [
            {
                "name": "pypi",
                "url": "https://pypi.org/simple",
                "verify_ssl": true
            }
        ]
    },
    "default": {
        "adafruit-ads1x15": {
            "hashes": [
                "sha256:058021475c51d8fad6ce8417d69ca5aea71dec9d9e5292e6b83b6cc8b338dcd3",
                "sha256:2076c114e3ca938ef5de13c608f2b28c517ca3d53407432fd470118556ab3feb"
            ],
            "index": "pypi",
            "version": "==1.0.2"
        },
        "adafruit-blinka": {
            "hashes": [
                "sha256:a81c21ff57706e269fa4185d4ffe6784a27f57c3c4cfd91039c1957d5308205d",
                "sha256:fdfb99a66dcf24726e909bf61e53091af775853c0d773ac62fea1f49a140e1e6"
            ],
            "index": "pypi",
            "markers": "python_full_version >= '3.7.0'",
            "version": "==8.64.0"
        },
        "adafruit-circuitpython-ads1x15": {
            "hashes": [
                "sha256:565233c872a16be102e17effd8514ecc7e865456bc5f851f72d2f89fa7c253e6",
                "sha256:7ef2e0b9828bad1b9966f730e3275bee0e8c46a52413fada93b24df22908048d"
            ],
            "index": "pypi",
            "version": "==2.4.4"
        },
        "adafruit-circuitpython-busdevice": {
            "hashes": [
                "sha256:8dbe511f08a347527652f494b55d793c91dc077e01666824b691ae96a05ff2e6",
                "sha256:de90f8cd9cc7f8815840f04b6a24c9aa5ec355b368934c7373e219a1c740ea97"
            ],
            "version": "==5.2.13"
        },
        "adafruit-circuitpython-connectionmanager": {
            "hashes": [
                "sha256:cea077efe79eaefcd8fc0d6649dbcc6cb0765f71a08bd944fb163043b18cd094",
                "sha256:fc037d7ff81cf7bab7653f2810ed8c65fe228e7d51ca7a630724b412d6c77226"
            ],
            "version": "==3.1.5"
        },
        "adafruit-circuitpython-lis3dh": {
            "hashes": [
                "sha256:4fe1d7bfb4f41c6a9818f204d0ae1c5ce146cf98111f3a1a53f368d444fbb365",
                "sha256:fffba886fbb9f9f8a407bce8e17aca79b95b1cd6bfd7a00878e039a10513376a"
            ],
            "index": "pypi",
            "version": "==5.2.6"
        },
        "adafruit-circuitpython-max31865": {
            "hashes": [
                "sha256:4a1f00b3ed3f906b6c1739cc22f95d5782e1fbdbc49998cd0f1d11af4914dce9",
                "sha256:acb97ba3a30f3b61c3db429a2d10efed30b27fc66161277eaa18dc6b0699285c"
            ],
            "index": "pypi",
            "version": "==2.2.25"
        },
        "adafruit-circuitpython-requests": {
            "hashes": [
                "sha256:2d5af59a96dca033033fcc8c17829c3fb28ed8c36a95fe1093c463f5841bc5a5",
                "sha256:a63fa4eb5824f1f458030da6f44a060d28c01570ffa48569b992abe8e477a1d6"
            ],
            "version": "==4.1.13"
        },
        "adafruit-circuitpython-typing": {
            "hashes": [
                "sha256:e4b06e07cb385dc098574f2479cd77d07e0a06987c814eab33b9f525ac83a935",
                "sha256:f1e511f48a76cb4467050db9334fed6761cc1f05921e9edddce7fd3a0b69b459"
            ],
            "markers": "python_version >= '3.8'",
            "version": "==1.12.1"
        },
        "adafruit-gpio": {
            "hashes": [
                "sha256:d6465b92c866c51ca8f3bc1e8f2ec36f5ccdb46d0fd54101c1109756d4a2dcd0"
            ],
            "version": "==1.0.3"
        },
        "adafruit-platformdetect": {
            "hashes": [
                "sha256:0bf7ac7ba7b3c83169fb789fa1babf0e51eccf8834c2b067b960a86baf6a6188",
                "sha256:2282caf9464db56584c834e7de90df62d636c0d172f1c9638ce534b080840bdd"
            ],
            "version": "==3.82.0"
        },
        "adafruit-pureio": {
            "hashes": [
                "sha256:281ab2099372cc0decc26326918996cbf21b8eed694ec4764d51eefa029d324e",
                "sha256:c4cfbb365731942d1f1092a116f47dfdae0aef18c5b27f1072b5824ad5ea8c7c"
            ],
            "markers": "python_full_version >= '3.5.0'",
            "version": "==1.1.11"
        },
        "binho-host-adapter": {
            "hashes": [
                "sha256:1e6da7a84e208c13b5f489066f05774bff1d593d0f5bf1ca149c2b8e83eae856",
                "sha256:f71ca176c1e2fc1a5dce128beb286da217555c6c7c805f2ed282a6f3507ec277"
            ],
            "version": "==0.1.6"
        },
        "click": {
            "hashes": [
                "sha256:63c132bbbed01578a06712a2d1f497bb62d9c1c0d329b7903a866228027263b2",
                "sha256:ed53c9d8990d83c2a27deae68e4ee337473f6330c040a31d4225c9574d16096a"
            ],
            "index": "pypi",
            "markers": "python_version >= '3.7'",
            "version": "==8.1.8"
        },
        "colorzero": {
            "hashes": [
                "sha256:0e60d743a6b8071498a56465f7719c96a5e92928f858bab1be2a0d606c9aa0f8",
                "sha256:e7d5a5c26cd0dc37b164ebefc609f388de24f8593b659191e12d85f8f9d5eb58"
            ],
            "version": "==2.0"
        },
        "exceptiongroup": {
            "hashes": [
                "sha256:4d111e6e0c13d0644cad6ddaa7ed0261a0b36971f6d23e7ec9b4b9097da78a10",
                "sha256:b241f5885f560bc56a59ee63ca4c6a8bfa46ae4ad651af316d4e81817bb9fd88"
            ],
            "index": "pypi",
            "markers": "python_version >= '3.7'",
            "version": "==1.3.0"
        },
        "gpiozero": {
            "hashes": [
                "sha256:8f621de357171d574c0b7ea0e358cb66e560818a47b0eeedf41ce1cdbd20c70b",
                "sha256:d4ea1952689ec7e331f9d4ebc9adb15f1d01c2c9dcfabb72e752c9869ab7e97e"
            ],
            "index": "pypi",
            "markers": "python_version >= '3.9'",
            "version": "==2.0.1"
        },
        "importlib-metadata": {
            "hashes": [
                "sha256:8a8a81bcf996e74fee46f0d16bd3eaa382a7eb20fd82445c3ad11f4090334116",
                "sha256:dd0173e8f150d6815e098fd354f6414b0f079af4644ddfe90c71e2fc6174346d"
            ],
            "markers": "python_version >= '3.7'",
            "version": "==4.13.0"
        },
        "importlib-resources": {
            "hashes": [
                "sha256:82d5c6cca930697dbbd86c93333bb2c2e72861d4789a11c2662b933e5ad2b528",
                "sha256:9f7bd0c97b79972a6cce36a366356d16d5e13b09679c11a58f1014bfdf8e64b2"
            ],
            "markers": "python_version >= '3.8'",
            "version": "==5.13.0"
        },
        "numpy": {
            "hashes": [
                "sha256:0123ffdaa88fa4ab64835dcbde75dcdf89c453c922f18dced6e27c90d1d0ec5a",
                "sha256:11a76c372d1d37437857280aa142086476136a8c0f373b2e648ab2c8f18fb195",
                "sha256:13e689d772146140a252c3a28501da66dfecd77490b498b168b501835041f951",
                "sha256:1e795a8be3ddbac43274f18588329c72939870a16cae810c2b73461c40718ab1",
                "sha256:26df23238872200f63518dd2aa984cfca675d82469535dc7162dc2ee52d9dd5c",
                "sha256:286cd40ce2b7d652a6f22efdfc6d1edf879440e53e76a75955bc0c826c7e64dc",
                "sha256:2b2955fa6f11907cf7a70dab0d0755159bca87755e831e47932367fc8f2f2d0b",
                "sha256:2da5960c3cf0df7eafefd806d4e612c5e19358de82cb3c343631188991566ccd",
                "sha256:312950fdd060354350ed123c0e25a71327d3711584beaef30cdaa93320c392d4",
                "sha256:423e89b23490805d2a5a96fe40ec507407b8ee786d66f7328be214f9679df6dd",
                "sha256:496f71341824ed9f3d2fd36cf3ac57ae2e0165c143b55c3a035ee219413f3318",
                "sha256:49ca4decb342d66018b01932139c0961a8f9ddc7589611158cb3c27cbcf76448",
                "sha256:51129a29dbe56f9ca83438b706e2e69a39892b5eda6cedcb6b0c9fdc9b0d3ece",
                "sha256:5fec9451a7789926bcf7c2b8d187292c9f93ea30284802a0ab3f5be8ab36865d",
                "sha256:671bec6496f83202ed2d3c8fdc486a8fc86942f2e69ff0e986140339a63bcbe5",
                "sha256:7f0a0c6f12e07fa94133c8a67404322845220c06a9e80e85999afe727f7438b8",
                "sha256:807ec44583fd708a21d4a11d94aedf2f4f3c3719035c76a2bbe1fe8e217bdc57",
                "sha256:883c987dee1880e2a864ab0dc9892292582510604156762362d9326444636e78",
                "sha256:8c5713284ce4e282544c68d1c3b2c7161d38c256d2eefc93c1d683cf47683e66",
                "sha256:8cafab480740e22f8d833acefed5cc87ce276f4ece12fdaa2e8903db2f82897a",
                "sha256:8df823f570d9adf0978347d1f926b2a867d5608f434a7cff7f7908c6570dcf5e",
                "sha256:9059e10581ce4093f735ed23f3b9d283b9d517ff46009ddd485f1747eb22653c",
                "sha256:905d16e0c60200656500c95b6b8dca5d109e23cb24abc701d41c02d74c6b3afa",
                "sha256:9189427407d88ff25ecf8f12469d4d39d35bee1db5d39fc5c168c6f088a6956d",
                "sha256:96a55f64139912d61de9137f11bf39a55ec8faec288c75a54f93dfd39f7eb40c",
                "sha256:97032a27bd9d8988b9a97a8c4d2c9f2c15a81f61e2f21404d7e8ef00cb5be729",
                "sha256:984d96121c9f9616cd33fbd0618b7f08e0cfc9600a7ee1d6fd9b239186d19d97",
                "sha256:9a92ae5c14811e390f3767053ff54eaee3bf84576d99a2456391401323f4ec2c",
                "sha256:9ea91dfb7c3d1c56a0e55657c0afb38cf1eeae4544c208dc465c3c9f3a7c09f9",
                "sha256:a15f476a45e6e5a3a79d8a14e62161d27ad897381fecfa4a09ed5322f2085669",
                "sha256:a392a68bd329eafac5817e5aefeb39038c48b671afd242710b451e76090e81f4",
                "sha256:a3f4ab0caa7f053f6797fcd4e1e25caee367db3112ef2b6ef82d749530768c73",
                "sha256:a46288ec55ebbd58947d31d72be2c63cbf839f0a63b49cb755022310792a3385",
                "sha256:a61ec659f68ae254e4d237816e33171497e978140353c0c2038d46e63282d0c8",
                "sha256:a842d573724391493a97a62ebbb8e731f8a5dcc5d285dfc99141ca15a3302d0c",
                "sha256:becfae3ddd30736fe1889a37f1f580e245ba79a5855bff5f2a29cb3ccc22dd7b",
                "sha256:c05e238064fc0610c840d1cf6a13bf63d7e391717d247f1bf0318172e759e692",
                "sha256:c1c9307701fec8f3f7a1e6711f9089c06e6284b3afbbcd259f7791282d660a15",
                "sha256:c7b0be4ef08607dd04da4092faee0b86607f111d5ae68036f16cc787e250a131",
                "sha256:cfd41e13fdc257aa5778496b8caa5e856dc4896d4ccf01841daee1d96465467a",
                "sha256:d731a1c6116ba289c1e9ee714b08a8ff882944d4ad631fd411106a30f083c326",
                "sha256:df55d490dea7934f330006d0f81e8551ba6010a5bf035a249ef61a94f21c500b",
                "sha256:ec9852fb39354b5a45a80bdab5ac02dd02b15f44b3804e9f00c556bf24b4bded",
                "sha256:f15975dfec0cf2239224d80e32c3170b1d168335eaedee69da84fbe9f1f9cd04",
                "sha256:f26b258c385842546006213344c50655ff1555a9338e2e5e02a0756dc3e803dd"
            ],
            "index": "pypi",
            "markers": "python_version >= '3.9'",
            "version": "==2.0.2"
        },
        "pandas": {
            "hashes": [
                "sha256:0064187b80a5be6f2f9c9d6bdde29372468751dfa89f4211a3c5871854cfbf7a",
                "sha256:0bd281310d4f412733f319a5bc552f86d62cddc5f51d2e392c8787335c994175",
                "sha256:0c6ecbac99a354a051ef21c5307601093cb9e0f4b1855984a084bfec9302699e",
                "sha256:0cee69d583b9b128823d9514171cabb6861e09409af805b54459bd0c821a35c2",
                "sha256:114c2fe4f4328cf98ce5716d1532f3ab79c5919f95a9cfee81d9140064a2e4d6",
                "sha256:12d039facec710f7ba305786837d0225a3444af7bbd9c15c32ca2d40d157ed8b",
                "sha256:1333e9c299adcbb68ee89a9bb568fc3f20f9cbb419f1dd5225071e6cddb2a743",
                "sha256:13bd629c653856f00c53dc495191baa59bcafbbf54860a46ecc50d3a88421a96",
                "sha256:1b9b52693123dd234b7c985c68b709b0b009f4521000d0525f2b95c22f15944b",
                "sha256:1d81573b3f7db40d020983f78721e9bfc425f411e616ef019a10ebf597aedb2e",
                "sha256:213a5adf93d020b74327cb2c1b842884dbdd37f895f42dcc2f09d451d949f811",
                "sha256:21bb612d148bb5860b7eb2c10faacf1a810799245afd342cf297d7551513fbb6",
                "sha256:220cc5c35ffaa764dd5bb17cf42df283b5cb7fdf49e10a7b053a06c9cb48ee2b",
                "sha256:2319656ed81124982900b4c37f0e0c58c015af9a7bbc62342ba5ad07ace82ba9",
                "sha256:36d627906fd44b5fd63c943264e11e96e923f8de77d6016dc2f667b9ad193438",
                "sha256:3fbb977f802156e7a3f829e9d1d5398f6192375a3e2d1a9ee0803e35fe70a2b9",
                "sha256:42c05e15111221384019897df20c6fe893b2f697d03c811ee67ec9e0bb5a3424",
                "sha256:45178cf09d1858a1509dc73ec261bf5b25a625a389b65be2e47b559905f0ab6a",
                "sha256:48fa91c4dfb3b2b9bfdb5c24cd3567575f4e13f9636810462ffed8925352be5a",
                "sha256:4ac8c320bded4718b298281339c1a50fb00a6ba78cb2a63521c39bec95b0209b",
                "sha256:52bc29a946304c360561974c6542d1dd628ddafa69134a7131fdfd6a5d7a1a35",
                "sha256:76972bcbd7de8e91ad5f0ca884a9f2c477a2125354af624e022c49e5bd0dfff4",
                "sha256:77cefe00e1b210f9c76c697fedd8fdb8d3dd86563e9c8adc9fa72b90f5e9e4c2",
                "sha256:837248b4fc3a9b83b9c6214699a13f069dc13510a6a6d7f9ba33145d2841a012",
                "sha256:88080a0ff8a55eac9c84e3ff3c7665b3b5476c6fbc484775ca1910ce1c3e0b87",
                "sha256:8c13b81a9347eb8c7548f53fd9a4f08d4dfe996836543f805c987bafa03317ae",
                "sha256:9467697b8083f9667b212633ad6aa4ab32436dcbaf4cd57325debb0ddef2012f",
                "sha256:96d31a6b4354e3b9b8a2c848af75d31da390657e3ac6f30c05c82068b9ed79b9",
                "sha256:a9d7ec92d71a420185dec44909c32e9a362248c4ae2238234b76d5be37f208cc",
                "sha256:ab7b58f8f82706890924ccdfb5f48002b83d2b5a3845976a9fb705d36c34dcdb",
                "sha256:b37205ad6f00d52f16b6d09f406434ba928c1a1966e2771006a9033c736d30d2",
                "sha256:b62d586eb25cb8cb70a5746a378fc3194cb7f11ea77170d59f889f5dfe3cec7a",
                "sha256:b98bdd7c456a05eef7cd21fd6b29e3ca243591fe531c62be94a2cc987efb5ac2",
                "sha256:c253828cb08f47488d60f43c5fc95114c771bbfff085da54bfc79cb4f9e3a372",
                "sha256:c624b615ce97864eb588779ed4046186f967374185c047070545253a52ab2d57",
                "sha256:c6f048aa0fd080d6a06cc7e7537c09b53be6642d330ac6f54a600c3ace857ee9",
                "sha256:cc03acc273c5515ab69f898df99d9d4f12c4d70dbfc24c3acc6203751d0804cf",
                "sha256:d25c20a03e8870f6339bcf67281b946bd20b86f1a544ebbebb87e66a8d642cba",
                "sha256:d2c3554bd31b731cd6490d94a28f3abb8dd770634a9e06eb6d2911b9827db370",
                "sha256:d4a558c7620340a0931828d8065688b3cc5b4c8eb674bcaf33d18ff4a6870b4a",
                "sha256:df4df0b9d02bb873a106971bb85d448378ef14b86ba96f035f50bbd3688456b4",
                "sha256:e190b738675a73b581736cc8ec71ae113d6c3768d0bd18bffa5b9a0927b0b6ea"
            ],
            "index": "pypi",
            "markers": "python_version >= '3.9'",
            "version": "==2.3.2"
        },
        "pyftdi": {
            "hashes": [
                "sha256:efd3f5a7d43202dc883ff261a7b1cb4dcbbe65b19628f8603a8b1183a7bc2841"
            ],
            "markers": "python_version >= '3.9'",
            "version": "==0.57.1"
        },
        "pyserial": {
            "hashes": [
                "sha256:3c77e014170dfffbd816e6ffc205e9842efb10be9f58ec16d3e8675b4925cddb",
                "sha256:c4451db6ba391ca6ca299fb3ec7bae67a5c55dde170964c7a14ceefec02f2cf0"
            ],
            "version": "==3.5"
        },
        "python-dateutil": {
            "hashes": [
                "sha256:37dd54208da7e1cd875388217d5e00ebd4179249f90fb72437e91a35459a0ad3",
                "sha256:a8b2bc7bffae282281c8140a97d3aa9c14da0b136dfe83f850eea9a5f7470427"
            ],
            "markers": "python_version >= '2.7' and python_version not in '3.0, 3.1, 3.2'",
            "version": "==2.9.0.post0"
        },
        "pytz": {
            "hashes": [
                "sha256:360b9e3dbb49a209c21ad61809c7fb453643e048b38924c765813546746e81c3",
                "sha256:5ddf76296dd8c44c26eb8f4b6f35488f3ccbf6fbbd7adee0b7262d43f0ec2f00"
            ],
            "version": "==2025.2"
        },
        "pyusb": {
            "hashes": [
                "sha256:3af070b607467c1c164f49d5b0caabe8ac78dbed9298d703a8dbf9df4052d17e",
                "sha256:bf9b754557af4717fe80c2b07cc2b923a9151f5c08d17bdb5345dac09d6a0430"
            ],
            "markers": "python_full_version >= '3.9.0'",
            "version": "==1.3.1"
        },
        "setuptools": {
            "hashes": [
                "sha256:062d34222ad13e0cc312a4c02d73f059e86a4acbfbdea8f8f76b28c99f306922",
                "sha256:f36b47402ecde768dbfafc46e8e4207b4360c654f1f3bb84475f0a28628fb19c"
            ],
            "markers": "python_version >= '3.9'",
            "version": "==80.9.0"
        },
        "six": {
            "hashes": [
                "sha256:4721f391ed90541fddacab5acf947aa0d3dc7d27b2e1e8eda2be8970586c3274",
                "sha256:ff70335d468e7eb6ec65b95b99d3a2836546063f63acc5171de367e834932a81"
            ],
            "markers": "python_version >= '2.7' and python_version not in '3.0, 3.1, 3.2'",
            "version": "==1.17.0"
        },
        "toml": {
            "hashes": [
                "sha256:806143ae5bfb6a3c6e736a764057db0e6a0e05e338b5630894a5f779cabb4f9b",
                "sha256:b3bda1d108d5dd99f4a20d24d9c348e91c4db7ab1b749200bded2f839ccbe68f"
            ],
            "markers": "python_version >= '2.6' and python_version not in '3.0, 3.1, 3.2'",
            "version": "==0.10.2"
        },
        "typing-extensions": {
            "hashes": [
                "sha256:0cea48d173cc12fa28ecabc3b837ea3cf6f38c6d1136f85cbaaf598984861466",
                "sha256:f0fa19c6845758ab08074a0cfa8b7aecb71c999ca73d62883bc25cc018c4e548"
            ],
            "markers": "python_version >= '3.9'",
            "version": "==4.15.0"
        },
        "tzdata": {
            "hashes": [
                "sha256:1a403fada01ff9221ca8044d701868fa132215d84beb92242d9acd2147f667a8",
                "sha256:b60a638fcc0daffadf82fe0f57e53d06bdec2f36c4df66280ae79bce6bd6f2b9"
            ],
            "markers": "python_version >= '2'",
            "version": "==2025.2"
        },
        "zipp": {
            "hashes": [
                "sha256:071652d6115ed432f5ce1d34c336c0adfd6a884660d1e9712a256d3d3bd4b14e",
                "sha256:a07157588a12518c9d4034df3fbbee09c814741a33ff63c05fa29d26a2404166"
            ],
            "markers": "python_version >= '3.9'",
            "version": "==3.23.0"
        }
    },
    "develop": {
        "astroid": {
            "hashes": [
                "sha256:1e5a5011af2920c7c67a53f65d536d65bfa7116feeaf2354d8b94f29573bb0ce",
                "sha256:54c760ae8322ece1abd213057c4b5bba7c49818853fc901ef09719a60dbf9dec"
            ],
            "markers": "python_full_version >= '3.9.0'",
            "version": "==3.3.11"
        },
        "codespell": {
            "hashes": [
                "sha256:299fcdcb09d23e81e35a671bbe746d5ad7e8385972e65dbb833a2eaac33c01e5",
                "sha256:3dadafa67df7e4a3dbf51e0d7315061b80d265f9552ebd699b3dd6834b47e425"
            ],
            "index": "pypi",
            "markers": "python_version >= '3.8'",
            "version": "==2.4.1"
        },
        "coverage": {
            "extras": [
                "toml"
            ],
            "hashes": [
                "sha256:02252dc1216e512a9311f596b3169fad54abcb13827a8d76d5630c798a50a754",
                "sha256:02650a11324b80057b8c9c29487020073d5e98a498f1857f37e3f9b6ea1b2426",
                "sha256:03f47dc870eec0367fcdd603ca6a01517d2504e83dc18dbfafae37faec66129a",
                "sha256:0520dff502da5e09d0d20781df74d8189ab334a1e40d5bafe2efaa4158e2d9e7",
                "sha256:0666cf3d2c1626b5a3463fd5b05f5e21f99e6aec40a3192eee4d07a15970b07f",
                "sha256:0913dd1613a33b13c4f84aa6e3f4198c1a21ee28ccb4f674985c1f22109f0aae",
                "sha256:0be24d35e4db1d23d0db5c0f6a74a962e2ec83c426b5cac09f4234aadef38e4a",
                "sha256:0d511dda38595b2b6934c2b730a1fd57a3635c6aa2a04cb74714cdfdd53846f4",
                "sha256:146fa1531973d38ab4b689bc764592fe6c2f913e7e80a39e7eeafd11f0ef6db2",
                "sha256:14d6071c51ad0f703d6440827eaa46386169b5fdced42631d5a5ac419616046f",
                "sha256:1b7181c0feeb06ed8a02da02792f42f829a7b29990fef52eff257fef0885d760",
                "sha256:1d043a8a06987cc0c98516e57c4d3fc2c1591364831e9deb59c9e1b4937e8caf",
                "sha256:1f64b8d3415d60f24b058b58d859e9512624bdfa57a2d1f8aff93c1ec45c429b",
                "sha256:1f672efc0731a6846b157389b6e6d5d5e9e59d1d1a23a5c66a99fd58339914d5",
                "sha256:1f8a81b0614642f91c9effd53eec284f965577591f51f547a1cbeb32035b4c2f",
                "sha256:2285c04ee8676f7938b02b4936d9b9b672064daab3187c20f73a55f3d70e6b4a",
                "sha256:2968647e3ed5a6c019a419264386b013979ff1fb67dd11f5c9886c43d6a31fc2",
                "sha256:2b96bfdf7c0ea9faebce088a3ecb2382819da4fbc05c7b80040dbc428df6af44",
                "sha256:2d1b73023854068c44b0c554578a4e1ef1b050ed07cf8b431549e624a29a66ee",
                "sha256:2d488d7d42b6ded7ea0704884f89dcabd2619505457de8fc9a6011c62106f6e5",
                "sha256:32ddaa3b2c509778ed5373b177eb2bf5662405493baeff52278a0b4f9415188b",
                "sha256:343a023193f04d46edc46b2616cdbee68c94dd10208ecd3adc56fcc54ef2baa1",
                "sha256:36d42b7396b605f774d4372dd9c49bed71cbabce4ae1ccd074d155709dd8f235",
                "sha256:384b34482272e960c438703cafe63316dfbea124ac62006a455c8410bf2a2262",
                "sha256:3876385722e335d6e991c430302c24251ef9c2a9701b2b390f5473199b1b8ebf",
                "sha256:38a9109c4ee8135d5df5505384fc2f20287a47ccbe0b3f04c53c9a1989c2bbaf",
                "sha256:3f39cef43d08049e8afc1fde4a5da8510fc6be843f8dea350ee46e2a26b2f54c",
                "sha256:4028e7558e268dd8bcf4d9484aad393cafa654c24b4885f6f9474bf53183a82a",
                "sha256:414a568cd545f9dc75f0686a0049393de8098414b58ea071e03395505b73d7a8",
                "sha256:42144e8e346de44a6f1dbd0a56575dd8ab8dfa7e9007da02ea5b1c30ab33a7db",
                "sha256:44d43de99a9d90b20e0163f9770542357f58860a26e24dc1d924643bd6aa7cb4",
                "sha256:467dc74bd0a1a7de2bedf8deaf6811f43602cb532bd34d81ffd6038d6d8abe99",
                "sha256:5255b3bbcc1d32a4069d6403820ac8e6dbcc1d68cb28a60a1ebf17e47028e898",
                "sha256:54a1532c8a642d8cc0bd5a9a51f5a9dcc440294fd06e9dda55e743c5ec1a8f14",
                "sha256:556d23d4e6393ca898b2e63a5bca91e9ac2d5fb13299ec286cd69a09a7187fde",
                "sha256:5661bf987d91ec756a47c7e5df4fbcb949f39e32f9334ccd3f43233bbb65e508",
                "sha256:585ffe93ae5894d1ebdee69fc0b0d4b7c75d8007983692fb300ac98eed146f78",
                "sha256:5e78bd9cf65da4c303bf663de0d73bf69f81e878bf72a94e9af67137c69b9fe9",
                "sha256:5f1dc8f1980a272ad4a6c84cba7981792344dad33bf5869361576b7aef42733a",
                "sha256:6013a37b8a4854c478d3219ee8bc2392dea51602dd0803a12d6f6182a0061762",
                "sha256:609b60d123fc2cc63ccee6d17e4676699075db72d14ac3c107cc4976d516f2df",
                "sha256:61f78c7c3bc272a410c5ae3fde7792b4ffb4acc03d35a7df73ca8978826bb7ab",
                "sha256:62835c1b00c4a4ace24c1a88561a5a59b612fbb83a525d1c70ff5720c97c0610",
                "sha256:63d4bb2966d6f5f705a6b0c6784c8969c468dbc4bcf9d9ded8bff1c7e092451f",
                "sha256:63df1fdaffa42d914d5c4d293e838937638bf75c794cf20bee12978fc8c4e3bc",
                "sha256:66c644cbd7aed8fe266d5917e2c9f65458a51cfe5eeff9c05f15b335f697066e",
                "sha256:672a6c1da5aea6c629819a0e1461e89d244f78d7b60c424ecf4f1f2556c041d8",
                "sha256:68c5e0bc5f44f68053369fa0d94459c84548a77660a5f2561c5e5f1e3bed7031",
                "sha256:6a29f8e0adb7f8c2b95fa2d4566a1d6e6722e0a637634c6563cb1ab844427dd9",
                "sha256:6b87f1ad60b30bc3c43c66afa7db6b22a3109902e28c5094957626a0143a001f",
                "sha256:73269df37883e02d460bee0cc16be90509faea1e3bd105d77360b512d5bb9c33",
                "sha256:74d5b63fe3f5f5d372253a4ef92492c11a4305f3550631beaa432fc9df16fcff",
                "sha256:7e78b767da8b5fc5b2faa69bb001edafcd6f3995b42a331c53ef9572c55ceb82",
                "sha256:7fa22800f3908df31cea6fb230f20ac49e343515d968cc3a42b30d5c3ebf9b5a",
                "sha256:8002dc6a049aac0e81ecec97abfb08c01ef0c1fbf962d0c98da3950ace89b869",
                "sha256:8048ce4b149c93447a55d279078c8ae98b08a6951a3c4d2d7e87f4efc7bfe100",
                "sha256:90dc3d6fb222b194a5de60af8d190bedeeddcbc7add317e4a3cd333ee6b7c879",
                "sha256:9a86281794a393513cf117177fd39c796b3f8e3759bb2764259a2abba5cce54b",
                "sha256:a46473129244db42a720439a26984f8c6f834762fc4573616c1f37f13994b357",
                "sha256:a931a87e5ddb6b6404e65443b742cb1c14959622777f2a4efd81fba84f5d91ba",
                "sha256:ad8fa9d5193bafcf668231294241302b5e683a0518bf1e33a9a0dfb142ec3031",
                "sha256:b08801e25e3b4526ef9ced1aa29344131a8f5213c60c03c18fe4c6170ffa2874",
                "sha256:b0ef4e66f006ed181df29b59921bd8fc7ed7cd6a9289295cd8b2824b49b570df",
                "sha256:b3dcf2ead47fa8be14224ee817dfc1df98043af568fe120a22f81c0eb3c34ad2",
                "sha256:b45264dd450a10f9e03237b41a9a24e85cbb1e278e5a32adb1a303f58f0017f3",
                "sha256:b4fdc777e05c4940b297bf47bf7eedd56a39a61dc23ba798e4b830d585486ca5",
                "sha256:bc85eb2d35e760120540afddd3044a5bf69118a91a296a8b3940dfc4fdcfe1e2",
                "sha256:bc8e4d99ce82f1710cc3c125adc30fd1487d3cf6c2cd4994d78d68a47b16989a",
                "sha256:c177e6ffe2ebc7c410785307758ee21258aa8e8092b44d09a2da767834f075f2",
                "sha256:c2492e4dd9daab63f5f56286f8a04c51323d237631eb98505d87e4c4ff19ec34",
                "sha256:c2d05c7e73c60a4cecc7d9b60dbfd603b4ebc0adafaef371445b47d0f805c8a9",
                "sha256:c6a5c3414bfc7451b879141ce772c546985163cf553f08e0f135f0699a911801",
                "sha256:cebd8e906eb98bb09c10d1feed16096700b1198d482267f8bf0474e63a7b8d84",
                "sha256:cf33134ffae93865e32e1e37df043bef15a5e857d8caebc0099d225c579b0fa3",
                "sha256:d9cd64aca68f503ed3f1f18c7c9174cbb797baba02ca8ab5112f9d1c0328cd4b",
                "sha256:dd382410039fe062097aa0292ab6335a3f1e7af7bba2ef8d27dcda484918f20c",
                "sha256:e551f9d03347196271935fd3c0c165f0e8c049220280c1120de0084d65e9c7ff",
                "sha256:eb7b0bbf7cc1d0453b843eca7b5fa017874735bef9bfdfa4121373d2cc885ed6",
                "sha256:eb90fe20db9c3d930fa2ad7a308207ab5b86bf6a76f54ab6a40be4012d88fcae",
                "sha256:ed9749bb8eda35f8b636fb7632f1c62f735a236a5d4edadd8bbcc5ea0542e732",
                "sha256:ef3b83594d933020f54cf65ea1f4405d1f4e41a009c46df629dd964fcb6e907c",
                "sha256:f2e57716a78bc3ae80b2207be0709a3b2b63b9f2dcf9740ee6ac03588a2015b6",
                "sha256:f366a57ac81f5e12797136552f5b7502fa053c861a009b91b80ed51f2ce651c6",
                "sha256:f39071caa126f69d63f99b324fb08c7b1da2ec28cbb1fe7b5b1799926492f65c",
                "sha256:f4446a9547681533c8fa3e3c6cf62121eeee616e6a92bd9201c6edd91beffe13",
                "sha256:f9559b906a100029274448f4c8b8b0a127daa4dade5661dfd821b8c188058842",
                "sha256:fcf6ab569436b4a647d4e91accba12509ad9f2554bc93d3aee23cc596e7f99c3",
                "sha256:fefafcca09c3ac56372ef64a40f5fe17c5592fab906e0fdffd09543f3012ba50"
            ],
            "markers": "python_version >= '3.9'",
            "version": "==7.10.5"
        },
        "dill": {
            "hashes": [
                "sha256:0633f1d2df477324f53a895b02c901fb961bdbf65a17122586ea7019292cbcf0",
                "sha256:44f54bf6412c2c8464c14e8243eb163690a9800dbe2c367330883b19c7561049"
            ],
            "markers": "python_version >= '3.8'",
            "version": "==0.4.0"
        },
        "exceptiongroup": {
            "hashes": [
                "sha256:4d111e6e0c13d0644cad6ddaa7ed0261a0b36971f6d23e7ec9b4b9097da78a10",
                "sha256:b241f5885f560bc56a59ee63ca4c6a8bfa46ae4ad651af316d4e81817bb9fd88"
            ],
            "index": "pypi",
            "markers": "python_version >= '3.7'",
            "version": "==1.3.0"
        },
        "flake8": {
            "hashes": [
                "sha256:b9696257b9ce8beb888cdbe31cf885c90d31928fe202be0889a7cdafad32f01e",
                "sha256:fe044858146b9fc69b551a4b490d69cf960fcb78ad1edcb84e7fbb1b4a8e3872"
            ],
            "index": "pypi",
            "markers": "python_version >= '3.9'",
            "version": "==7.3.0"
        },
        "iniconfig": {
            "hashes": [
                "sha256:3abbd2e30b36733fee78f9c7f7308f2d0050e88f0087fd25c2645f63c773e1c7",
                "sha256:9deba5723312380e77435581c6bf4935c94cbfab9b1ed33ef8d238ea168eb760"
            ],
            "markers": "python_version >= '3.8'",
            "version": "==2.1.0"
        },
        "isort": {
            "hashes": [
                "sha256:1cb5df28dfbc742e490c5e41bad6da41b805b0a8be7bc93cd0fb2a8a890ac450",
                "sha256:2dc5d7f65c9678d94c88dfc29161a320eec67328bc97aad576874cb4be1e9615"
            ],
            "index": "pypi",
            "markers": "python_full_version >= '3.9.0'",
            "version": "==6.0.1"
        },
        "mccabe": {
            "hashes": [
                "sha256:348e0240c33b60bbdf4e523192ef919f28cb2c3d7d5c7794f74009290f236325",
                "sha256:6c2d30ab6be0e4a46919781807b4f0d834ebdd6c6e3dca0bda5a15f863427b6e"
            ],
            "markers": "python_version >= '3.6'",
            "version": "==0.7.0"
        },
        "packaging": {
            "hashes": [
                "sha256:29572ef2b1f17581046b3a2227d5c611fb25ec70ca1ba8554b24b0e69331a484",
                "sha256:d443872c98d677bf60f6a1f2f8c1cb748e8fe762d2bf9d3148b5599295b0fc4f"
            ],
            "markers": "python_version >= '3.8'",
            "version": "==25.0"
        },
        "platformdirs": {
            "hashes": [
                "sha256:3d512d96e16bcb959a814c9f348431070822a6496326a4be0911c40b5a74c2bc",
                "sha256:ff7059bb7eb1179e2685604f4aaf157cfd9535242bd23742eadc3c13542139b4"
            ],
            "markers": "python_version >= '3.9'",
            "version": "==4.3.8"
        },
        "pluggy": {
            "hashes": [
                "sha256:7dcc130b76258d33b90f61b658791dede3486c3e6bfb003ee5c9bfb396dd22f3",
                "sha256:e920276dd6813095e9377c0bc5566d94c932c33b27a3e3945d8389c374dd4746"
            ],
            "markers": "python_version >= '3.9'",
            "version": "==1.6.0"
        },
        "pycodestyle": {
            "hashes": [
                "sha256:c4b5b517d278089ff9d0abdec919cd97262a3367449ea1c8b49b91529167b783",
                "sha256:dd6bf7cb4ee77f8e016f9c8e74a35ddd9f67e1d5fd4184d86c3b98e07099f42d"
            ],
            "index": "pypi",
            "markers": "python_version >= '3.9'",
            "version": "==2.14.0"
        },
        "pyflakes": {
            "hashes": [
                "sha256:b24f96fafb7d2ab0ec5075b7350b3d2d2218eab42003821c06344973d3ea2f58",
                "sha256:f742a7dbd0d9cb9ea41e9a24a918996e8170c799fa528688d40dd582c8265f4f"
            ],
            "markers": "python_version >= '3.9'",
            "version": "==3.4.0"
        },
        "pygments": {
            "hashes": [
                "sha256:636cb2477cec7f8952536970bc533bc43743542f70392ae026374600add5b887",
                "sha256:86540386c03d588bb81d44bc3928634ff26449851e99741617ecb9037ee5ec0b"
            ],
            "markers": "python_version >= '3.8'",
            "version": "==2.19.2"
        },
        "pylint": {
            "hashes": [
                "sha256:26698de19941363037e2937d3db9ed94fb3303fdadf7d98847875345a8bb6b05",
                "sha256:7ef94aa692a600e82fabdd17102b73fc226758218c97473c7ad67bd4cb905d83"
            ],
            "index": "pypi",
            "markers": "python_full_version >= '3.9.0'",
            "version": "==3.3.8"
        },
        "pytest": {
            "hashes": [
                "sha256:539c70ba6fcead8e78eebbf1115e8b589e7565830d7d006a8723f19ac8a0afb7",
                "sha256:7c67fd69174877359ed9371ec3af8a3d2b04741818c51e5e99cc1742251fa93c"
            ],
            "index": "pypi",
            "markers": "python_version >= '3.9'",
            "version": "==8.4.1"
        },
        "pytest-cov": {
            "hashes": [
                "sha256:25cc6cc0a5358204b8108ecedc51a9b57b34cc6b8c967cc2c01a4e00d8a67da2",
                "sha256:f5bc4c23f42f1cdd23c70b1dab1bbaef4fc505ba950d53e0081d0730dd7e86d5"
            ],
            "index": "pypi",
            "markers": "python_version >= '3.9'",
            "version": "==6.2.1"
        },
        "pytest-mock": {
            "hashes": [
                "sha256:159e9edac4c451ce77a5cdb9fc5d1100708d2dd4ba3c3df572f14097351af80e",
                "sha256:178aefcd11307d874b4cd3100344e7e2d888d9791a6a1d9bfe90fbc1b74fd1d0"
            ],
            "index": "pypi",
            "markers": "python_version >= '3.8'",
            "version": "==3.14.1"
        },
        "tomli": {
            "hashes": [
                "sha256:023aa114dd824ade0100497eb2318602af309e5a55595f76b626d6d9f3b7b0a6",
                "sha256:02abe224de6ae62c19f090f68da4e27b10af2b93213d36cf44e6e1c5abd19fdd",
                "sha256:286f0ca2ffeeb5b9bd4fcc8d6c330534323ec51b2f52da063b11c502da16f30c",
                "sha256:2d0f2fdd22b02c6d81637a3c95f8cd77f995846af7414c5c4b8d0545afa1bc4b",
                "sha256:33580bccab0338d00994d7f16f4c4ec25b776af3ffaac1ed74e0b3fc95e885a8",
                "sha256:400e720fe168c0f8521520190686ef8ef033fb19fc493da09779e592861b78c6",
                "sha256:40741994320b232529c802f8bc86da4e1aa9f413db394617b9a256ae0f9a7f77",
                "sha256:465af0e0875402f1d226519c9904f37254b3045fc5084697cefb9bdde1ff99ff",
                "sha256:4a8f6e44de52d5e6c657c9fe83b562f5f4256d8ebbfe4ff922c495620a7f6cea",
                "sha256:4e340144ad7ae1533cb897d406382b4b6fede8890a03738ff1683af800d54192",
                "sha256:678e4fa69e4575eb77d103de3df8a895e1591b48e740211bd1067378c69e8249",
                "sha256:6972ca9c9cc9f0acaa56a8ca1ff51e7af152a9f87fb64623e31d5c83700080ee",
                "sha256:7fc04e92e1d624a4a63c76474610238576942d6b8950a2d7f908a340494e67e4",
                "sha256:889f80ef92701b9dbb224e49ec87c645ce5df3fa2cc548664eb8a25e03127a98",
                "sha256:8d57ca8095a641b8237d5b079147646153d22552f1c637fd3ba7f4b0b29167a8",
                "sha256:8dd28b3e155b80f4d54beb40a441d366adcfe740969820caf156c019fb5c7ec4",
                "sha256:9316dc65bed1684c9a98ee68759ceaed29d229e985297003e494aa825ebb0281",
                "sha256:a198f10c4d1b1375d7687bc25294306e551bf1abfa4eace6650070a5c1ae2744",
                "sha256:a38aa0308e754b0e3c67e344754dff64999ff9b513e691d0e786265c93583c69",
                "sha256:a92ef1a44547e894e2a17d24e7557a5e85a9e1d0048b0b5e7541f76c5032cb13",
                "sha256:ac065718db92ca818f8d6141b5f66369833d4a80a9d74435a268c52bdfa73140",
                "sha256:b82ebccc8c8a36f2094e969560a1b836758481f3dc360ce9a3277c65f374285e",
                "sha256:c954d2250168d28797dd4e3ac5cf812a406cd5a92674ee4c8f123c889786aa8e",
                "sha256:cb55c73c5f4408779d0cf3eef9f762b9c9f147a77de7b258bef0a5628adc85cc",
                "sha256:cd45e1dc79c835ce60f7404ec8119f2eb06d38b1deba146f07ced3bbc44505ff",
                "sha256:d3f5614314d758649ab2ab3a62d4f2004c825922f9e370b29416484086b264ec",
                "sha256:d920f33822747519673ee656a4b6ac33e382eca9d331c87770faa3eef562aeb2",
                "sha256:db2b95f9de79181805df90bedc5a5ab4c165e6ec3fe99f970d0e302f384ad222",
                "sha256:e59e304978767a54663af13c07b3d1af22ddee3bb2fb0618ca1593e4f593a106",
                "sha256:e85e99945e688e32d5a35c1ff38ed0b3f41f43fad8df0bdf79f72b2ba7bc5272",
                "sha256:ece47d672db52ac607a3d9599a9d48dcb2f2f735c6c2d1f34130085bb12b112a",
                "sha256:f4039b9cbc3048b2416cc57ab3bda989a6fcf9b36cf8937f01a6e731b64f80d7"
            ],
            "markers": "python_version >= '3.8'",
            "version": "==2.2.1"
        },
        "tomlkit": {
            "hashes": [
                "sha256:430cf247ee57df2b94ee3fbe588e71d362a941ebb545dec29b53961d61add2a1",
                "sha256:c89c649d79ee40629a9fda55f8ace8c6a1b42deb912b2a8fd8d942ddadb606b0"
            ],
            "markers": "python_version >= '3.8'",
            "version": "==0.13.3"
        },
        "typing-extensions": {
            "hashes": [
                "sha256:0cea48d173cc12fa28ecabc3b837ea3cf6f38c6d1136f85cbaaf598984861466",
                "sha256:f0fa19c6845758ab08074a0cfa8b7aecb71c999ca73d62883bc25cc018c4e548"
            ],
            "markers": "python_version >= '3.9'",
            "version": "==4.15.0"
        }
    }
}
